// !$*UTF8*$!
{
	archiveVersion = 1;
	classes = {
	};
	objectVersion = 56;
	objects = {

/* Begin PBXBuildFile section */
		F98BB2492B9EC88900A105BF /* LetsMakeACocktailApp.swift in Sources */ = {isa = PBXBuildFile; fileRef = F98BB2482B9EC88900A105BF /* LetsMakeACocktailApp.swift */; };
		F98BB24B2B9EC88900A105BF /* ContentView.swift in Sources */ = {isa = PBXBuildFile; fileRef = F98BB24A2B9EC88900A105BF /* ContentView.swift */; };
		F98BB24D2B9EC88B00A105BF /* Assets.xcassets in Resources */ = {isa = PBXBuildFile; fileRef = F98BB24C2B9EC88B00A105BF /* Assets.xcassets */; };
		F98BB2502B9EC88B00A105BF /* Preview Assets.xcassets in Resources */ = {isa = PBXBuildFile; fileRef = F98BB24F2B9EC88B00A105BF /* Preview Assets.xcassets */; };
		F98BB25A2B9ED18900A105BF /* Cocktail.swift in Sources */ = {isa = PBXBuildFile; fileRef = F98BB2592B9ED18900A105BF /* Cocktail.swift */; };
		F98BB2622B9EE27B00A105BF /* CocktailDetailView.swift in Sources */ = {isa = PBXBuildFile; fileRef = F98BB2612B9EE27B00A105BF /* CocktailDetailView.swift */; };
		F98BB3642BA570E400A105BF /* CocktailService.swift in Sources */ = {isa = PBXBuildFile; fileRef = F98BB3632BA570E400A105BF /* CocktailService.swift */; };
/* End PBXBuildFile section */

/* Begin PBXFileReference section */
		F98BB2452B9EC88900A105BF /* LetsMakeACocktail.app */ = {isa = PBXFileReference; explicitFileType = wrapper.application; includeInIndex = 0; path = LetsMakeACocktail.app; sourceTree = BUILT_PRODUCTS_DIR; };
		F98BB2482B9EC88900A105BF /* LetsMakeACocktailApp.swift */ = {isa = PBXFileReference; lastKnownFileType = sourcecode.swift; path = LetsMakeACocktailApp.swift; sourceTree = "<group>"; };
		F98BB24A2B9EC88900A105BF /* ContentView.swift */ = {isa = PBXFileReference; lastKnownFileType = sourcecode.swift; path = ContentView.swift; sourceTree = "<group>"; };
		F98BB24C2B9EC88B00A105BF /* Assets.xcassets */ = {isa = PBXFileReference; lastKnownFileType = folder.assetcatalog; path = Assets.xcassets; sourceTree = "<group>"; };
		F98BB24F2B9EC88B00A105BF /* Preview Assets.xcassets */ = {isa = PBXFileReference; lastKnownFileType = folder.assetcatalog; path = "Preview Assets.xcassets"; sourceTree = "<group>"; };
		F98BB2592B9ED18900A105BF /* Cocktail.swift */ = {isa = PBXFileReference; lastKnownFileType = sourcecode.swift; path = Cocktail.swift; sourceTree = "<group>"; };
		F98BB2612B9EE27B00A105BF /* CocktailDetailView.swift */ = {isa = PBXFileReference; lastKnownFileType = sourcecode.swift; path = CocktailDetailView.swift; sourceTree = "<group>"; };
		F98BB3632BA570E400A105BF /* CocktailService.swift */ = {isa = PBXFileReference; lastKnownFileType = sourcecode.swift; path = CocktailService.swift; sourceTree = "<group>"; };
/* End PBXFileReference section */

/* Begin PBXFrameworksBuildPhase section */
		F98BB2422B9EC88900A105BF /* Frameworks */ = {
			isa = PBXFrameworksBuildPhase;
			buildActionMask = 2147483647;
			files = (
			);
			runOnlyForDeploymentPostprocessing = 0;
		};
/* End PBXFrameworksBuildPhase section */

/* Begin PBXGroup section */
		F98BB23C2B9EC88900A105BF = {
			isa = PBXGroup;
			children = (
				F98BB2472B9EC88900A105BF /* LetsMakeACocktail */,
				F98BB2462B9EC88900A105BF /* Products */,
			);
			sourceTree = "<group>";
		};
		F98BB2462B9EC88900A105BF /* Products */ = {
			isa = PBXGroup;
			children = (
				F98BB2452B9EC88900A105BF /* LetsMakeACocktail.app */,
			);
			name = Products;
			sourceTree = "<group>";
		};
		F98BB2472B9EC88900A105BF /* LetsMakeACocktail */ = {
			isa = PBXGroup;
			children = (
				F98BB2562B9ED0EB00A105BF /* Model */,
				F98BB2572B9ED0F800A105BF /* View */,
				F98BB2582B9ED10400A105BF /* ViewModel */,
				F98BB2482B9EC88900A105BF /* LetsMakeACocktailApp.swift */,
				F98BB24C2B9EC88B00A105BF /* Assets.xcassets */,
				F98BB24E2B9EC88B00A105BF /* Preview Content */,
			);
			path = LetsMakeACocktail;
			sourceTree = "<group>";
		};
		F98BB24E2B9EC88B00A105BF /* Preview Content */ = {
			isa = PBXGroup;
			children = (
				F98BB24F2B9EC88B00A105BF /* Preview Assets.xcassets */,
			);
			path = "Preview Content";
			sourceTree = "<group>";
		};
		F98BB2562B9ED0EB00A105BF /* Model */ = {
			isa = PBXGroup;
			children = (
				F98BB2592B9ED18900A105BF /* Cocktail.swift */,
			);
			path = Model;
			sourceTree = "<group>";
		};
		F98BB2572B9ED0F800A105BF /* View */ = {
			isa = PBXGroup;
			children = (
				F98BB24A2B9EC88900A105BF /* ContentView.swift */,
				F98BB2612B9EE27B00A105BF /* CocktailDetailView.swift */,
			);
			path = View;
			sourceTree = "<group>";
		};
		F98BB2582B9ED10400A105BF /* ViewModel */ = {
			isa = PBXGroup;
			children = (
				F98BB3632BA570E400A105BF /* CocktailService.swift */,
			);
			path = ViewModel;
			sourceTree = "<group>";
		};
/* End PBXGroup section */

/* Begin PBXNativeTarget section */
		F98BB2442B9EC88900A105BF /* LetsMakeACocktail */ = {
			isa = PBXNativeTarget;
			buildConfigurationList = F98BB2532B9EC88B00A105BF /* Build configuration list for PBXNativeTarget "LetsMakeACocktail" */;
			buildPhases = (
				F98BB2412B9EC88900A105BF /* Sources */,
				F98BB2422B9EC88900A105BF /* Frameworks */,
				F98BB2432B9EC88900A105BF /* Resources */,
			);
			buildRules = (
			);
			dependencies = (
			);
			name = LetsMakeACocktail;
			productName = LetsMakeACocktail;
			productReference = F98BB2452B9EC88900A105BF /* LetsMakeACocktail.app */;
			productType = "com.apple.product-type.application";
		};
/* End PBXNativeTarget section */

/* Begin PBXProject section */
		F98BB23D2B9EC88900A105BF /* Project object */ = {
			isa = PBXProject;
			attributes = {
				BuildIndependentTargetsInParallel = 1;
				LastSwiftUpdateCheck = 1520;
				LastUpgradeCheck = 1520;
				TargetAttributes = {
					F98BB2442B9EC88900A105BF = {
						CreatedOnToolsVersion = 15.2;
					};
				};
			};
			buildConfigurationList = F98BB2402B9EC88900A105BF /* Build configuration list for PBXProject "LetsMakeACocktail" */;
			compatibilityVersion = "Xcode 14.0";
			developmentRegion = en;
			hasScannedForEncodings = 0;
			knownRegions = (
				en,
				Base,
			);
			mainGroup = F98BB23C2B9EC88900A105BF;
			productRefGroup = F98BB2462B9EC88900A105BF /* Products */;
			projectDirPath = "";
			projectRoot = "";
			targets = (
				F98BB2442B9EC88900A105BF /* LetsMakeACocktail */,
			);
		};
/* End PBXProject section */

/* Begin PBXResourcesBuildPhase section */
		F98BB2432B9EC88900A105BF /* Resources */ = {
			isa = PBXResourcesBuildPhase;
			buildActionMask = 2147483647;
			files = (
				F98BB2502B9EC88B00A105BF /* Preview Assets.xcassets in Resources */,
				F98BB24D2B9EC88B00A105BF /* Assets.xcassets in Resources */,
			);
			runOnlyForDeploymentPostprocessing = 0;
		};
/* End PBXResourcesBuildPhase section */

/* Begin PBXSourcesBuildPhase section */
		F98BB2412B9EC88900A105BF /* Sources */ = {
			isa = PBXSourcesBuildPhase;
			buildActionMask = 2147483647;
			files = (
				F98BB24B2B9EC88900A105BF /* ContentView.swift in Sources */,
				F98BB2492B9EC88900A105BF /* LetsMakeACocktailApp.swift in Sources */,
				F98BB2622B9EE27B00A105BF /* CocktailDetailView.swift in Sources */,
				F98BB25A2B9ED18900A105BF /* Cocktail.swift in Sources */,
				F98BB3642BA570E400A105BF /* CocktailService.swift in Sources */,
			);
			runOnlyForDeploymentPostprocessing = 0;
		};
/* End PBXSourcesBuildPhase section */

/* Begin XCBuildConfiguration section */
		F98BB2512B9EC88B00A105BF /* Debug */ = {
			isa = XCBuildConfiguration;
			buildSettings = {
				ALWAYS_SEARCH_USER_PATHS = NO;
				ASSETCATALOG_COMPILER_GENERATE_SWIFT_ASSET_SYMBOL_EXTENSIONS = YES;
				CLANG_ANALYZER_NONNULL = YES;
				CLANG_ANALYZER_NUMBER_OBJECT_CONVERSION = YES_AGGRESSIVE;
				CLANG_CXX_LANGUAGE_STANDARD = "gnu++20";
				CLANG_ENABLE_MODULES = YES;
				CLANG_ENABLE_OBJC_ARC = YES;
				CLANG_ENABLE_OBJC_WEAK = YES;
				CLANG_WARN_BLOCK_CAPTURE_AUTORELEASING = YES;
				CLANG_WARN_BOOL_CONVERSION = YES;
				CLANG_WARN_COMMA = YES;
				CLANG_WARN_CONSTANT_CONVERSION = YES;
				CLANG_WARN_DEPRECATED_OBJC_IMPLEMENTATIONS = YES;
				CLANG_WARN_DIRECT_OBJC_ISA_USAGE = YES_ERROR;
				CLANG_WARN_DOCUMENTATION_COMMENTS = YES;
				CLANG_WARN_EMPTY_BODY = YES;
				CLANG_WARN_ENUM_CONVERSION = YES;
				CLANG_WARN_INFINITE_RECURSION = YES;
				CLANG_WARN_INT_CONVERSION = YES;
				CLANG_WARN_NON_LITERAL_NULL_CONVERSION = YES;
				CLANG_WARN_OBJC_IMPLICIT_RETAIN_SELF = YES;
				CLANG_WARN_OBJC_LITERAL_CONVERSION = YES;
				CLANG_WARN_OBJC_ROOT_CLASS = YES_ERROR;
				CLANG_WARN_QUOTED_INCLUDE_IN_FRAMEWORK_HEADER = YES;
				CLANG_WARN_RANGE_LOOP_ANALYSIS = YES;
				CLANG_WARN_STRICT_PROTOTYPES = YES;
				CLANG_WARN_SUSPICIOUS_MOVE = YES;
				CLANG_WARN_UNGUARDED_AVAILABILITY = YES_AGGRESSIVE;
				CLANG_WARN_UNREACHABLE_CODE = YES;
				CLANG_WARN__DUPLICATE_METHOD_MATCH = YES;
				COPY_PHASE_STRIP = NO;
				DEBUG_INFORMATION_FORMAT = dwarf;
				ENABLE_STRICT_OBJC_MSGSEND = YES;
				ENABLE_TESTABILITY = YES;
				ENABLE_USER_SCRIPT_SANDBOXING = YES;
				GCC_C_LANGUAGE_STANDARD = gnu17;
				GCC_DYNAMIC_NO_PIC = NO;
				GCC_NO_COMMON_BLOCKS = YES;
				GCC_OPTIMIZATION_LEVEL = 0;
				GCC_PREPROCESSOR_DEFINITIONS = (
					"DEBUG=1",
					"$(inherited)",
				);
				GCC_WARN_64_TO_32_BIT_CONVERSION = YES;
				GCC_WARN_ABOUT_RETURN_TYPE = YES_ERROR;
				GCC_WARN_UNDECLARED_SELECTOR = YES;
				GCC_WARN_UNINITIALIZED_AUTOS = YES_AGGRESSIVE;
				GCC_WARN_UNUSED_FUNCTION = YES;
				GCC_WARN_UNUSED_VARIABLE = YES;
				IPHONEOS_DEPLOYMENT_TARGET = 17.2;
				LOCALIZATION_PREFERS_STRING_CATALOGS = YES;
				MTL_ENABLE_DEBUG_INFO = INCLUDE_SOURCE;
				MTL_FAST_MATH = YES;
				ONLY_ACTIVE_ARCH = YES;
				SDKROOT = iphoneos;
				SWIFT_ACTIVE_COMPILATION_CONDITIONS = "DEBUG $(inherited)";
				SWIFT_OPTIMIZATION_LEVEL = "-Onone";
			};
			name = Debug;
		};
		F98BB2522B9EC88B00A105BF /* Release */ = {
			isa = XCBuildConfiguration;
			buildSettings = {
				ALWAYS_SEARCH_USER_PATHS = NO;
				ASSETCATALOG_COMPILER_GENERATE_SWIFT_ASSET_SYMBOL_EXTENSIONS = YES;
				CLANG_ANALYZER_NONNULL = YES;
				CLANG_ANALYZER_NUMBER_OBJECT_CONVERSION = YES_AGGRESSIVE;
				CLANG_CXX_LANGUAGE_STANDARD = "gnu++20";
				CLANG_ENABLE_MODULES = YES;
				CLANG_ENABLE_OBJC_ARC = YES;
				CLANG_ENABLE_OBJC_WEAK = YES;
				CLANG_WARN_BLOCK_CAPTURE_AUTORELEASING = YES;
				CLANG_WARN_BOOL_CONVERSION = YES;
				CLANG_WARN_COMMA = YES;
				CLANG_WARN_CONSTANT_CONVERSION = YES;
				CLANG_WARN_DEPRECATED_OBJC_IMPLEMENTATIONS = YES;
				CLANG_WARN_DIRECT_OBJC_ISA_USAGE = YES_ERROR;
				CLANG_WARN_DOCUMENTATION_COMMENTS = YES;
				CLANG_WARN_EMPTY_BODY = YES;
				CLANG_WARN_ENUM_CONVERSION = YES;
				CLANG_WARN_INFINITE_RECURSION = YES;
				CLANG_WARN_INT_CONVERSION = YES;
				CLANG_WARN_NON_LITERAL_NULL_CONVERSION = YES;
				CLANG_WARN_OBJC_IMPLICIT_RETAIN_SELF = YES;
				CLANG_WARN_OBJC_LITERAL_CONVERSION = YES;
				CLANG_WARN_OBJC_ROOT_CLASS = YES_ERROR;
				CLANG_WARN_QUOTED_INCLUDE_IN_FRAMEWORK_HEADER = YES;
				CLANG_WARN_RANGE_LOOP_ANALYSIS = YES;
				CLANG_WARN_STRICT_PROTOTYPES = YES;
				CLANG_WARN_SUSPICIOUS_MOVE = YES;
				CLANG_WARN_UNGUARDED_AVAILABILITY = YES_AGGRESSIVE;
				CLANG_WARN_UNREACHABLE_CODE = YES;
				CLANG_WARN__DUPLICATE_METHOD_MATCH = YES;
				COPY_PHASE_STRIP = NO;
				DEBUG_INFORMATION_FORMAT = "dwarf-with-dsym";
				ENABLE_NS_ASSERTIONS = NO;
				ENABLE_STRICT_OBJC_MSGSEND = YES;
				ENABLE_USER_SCRIPT_SANDBOXING = YES;
				GCC_C_LANGUAGE_STANDARD = gnu17;
				GCC_NO_COMMON_BLOCKS = YES;
				GCC_WARN_64_TO_32_BIT_CONVERSION = YES;
				GCC_WARN_ABOUT_RETURN_TYPE = YES_ERROR;
				GCC_WARN_UNDECLARED_SELECTOR = YES;
				GCC_WARN_UNINITIALIZED_AUTOS = YES_AGGRESSIVE;
				GCC_WARN_UNUSED_FUNCTION = YES;
				GCC_WARN_UNUSED_VARIABLE = YES;
				IPHONEOS_DEPLOYMENT_TARGET = 17.2;
				LOCALIZATION_PREFERS_STRING_CATALOGS = YES;
				MTL_ENABLE_DEBUG_INFO = NO;
				MTL_FAST_MATH = YES;
				SDKROOT = iphoneos;
				SWIFT_COMPILATION_MODE = wholemodule;
				VALIDATE_PRODUCT = YES;
			};
			name = Release;
		};
		F98BB2542B9EC88B00A105BF /* Debug */ = {
			isa = XCBuildConfiguration;
			buildSettings = {
				ASSETCATALOG_COMPILER_APPICON_NAME = AppIcon;
				ASSETCATALOG_COMPILER_GLOBAL_ACCENT_COLOR_NAME = AccentColor;
				CODE_SIGN_STYLE = Automatic;
				CURRENT_PROJECT_VERSION = 1;
				DEVELOPMENT_ASSET_PATHS = "\"LetsMakeACocktail/Preview Content\"";
				DEVELOPMENT_TEAM = 92XN5X884L;
				ENABLE_PREVIEWS = YES;
				GENERATE_INFOPLIST_FILE = YES;
				INFOPLIST_KEY_UIApplicationSceneManifest_Generation = YES;
				INFOPLIST_KEY_UIApplicationSupportsIndirectInputEvents = YES;
				INFOPLIST_KEY_UILaunchScreen_Generation = YES;
				INFOPLIST_KEY_UISupportedInterfaceOrientations_iPad = "UIInterfaceOrientationPortrait UIInterfaceOrientationPortraitUpsideDown UIInterfaceOrientationLandscapeLeft UIInterfaceOrientationLandscapeRight";
				INFOPLIST_KEY_UISupportedInterfaceOrientations_iPhone = "UIInterfaceOrientationPortrait UIInterfaceOrientationLandscapeLeft UIInterfaceOrientationLandscapeRight";
				LD_RUNPATH_SEARCH_PATHS = (
					"$(inherited)",
					"@executable_path/Frameworks",
				);
				MARKETING_VERSION = 1.0;
				PRODUCT_BUNDLE_IDENTIFIER = "Maxx-Swift.LetsMakeACocktail";
				PRODUCT_NAME = "$(TARGET_NAME)";
				SWIFT_EMIT_LOC_STRINGS = YES;
				SWIFT_VERSION = 5.0;
				TARGETED_DEVICE_FAMILY = "1,2";
			};
			name = Debug;
		};
		F98BB2552B9EC88B00A105BF /* Release */ = {
			isa = XCBuildConfiguration;
			buildSettings = {
				ASSETCATALOG_COMPILER_APPICON_NAME = AppIcon;
				ASSETCATALOG_COMPILER_GLOBAL_ACCENT_COLOR_NAME = AccentColor;
				CODE_SIGN_STYLE = Automatic;
				CURRENT_PROJECT_VERSION = 1;
				DEVELOPMENT_ASSET_PATHS = "\"LetsMakeACocktail/Preview Content\"";
				DEVELOPMENT_TEAM = 92XN5X884L;
				ENABLE_PREVIEWS = YES;
				GENERATE_INFOPLIST_FILE = YES;
				INFOPLIST_KEY_UIApplicationSceneManifest_Generation = YES;
				INFOPLIST_KEY_UIApplicationSupportsIndirectInputEvents = YES;
				INFOPLIST_KEY_UILaunchScreen_Generation = YES;
				INFOPLIST_KEY_UISupportedInterfaceOrientations_iPad = "UIInterfaceOrientationPortrait UIInterfaceOrientationPortraitUpsideDown UIInterfaceOrientationLandscapeLeft UIInterfaceOrientationLandscapeRight";
				INFOPLIST_KEY_UISupportedInterfaceOrientations_iPhone = "UIInterfaceOrientationPortrait UIInterfaceOrientationLandscapeLeft UIInterfaceOrientationLandscapeRight";
				LD_RUNPATH_SEARCH_PATHS = (
					"$(inherited)",
					"@executable_path/Frameworks",
				);
				MARKETING_VERSION = 1.0;
				PRODUCT_BUNDLE_IDENTIFIER = "Maxx-Swift.LetsMakeACocktail";
				PRODUCT_NAME = "$(TARGET_NAME)";
				SWIFT_EMIT_LOC_STRINGS = YES;
				SWIFT_VERSION = 5.0;
				TARGETED_DEVICE_FAMILY = "1,2";
			};
			name = Release;
		};
/* End XCBuildConfiguration section */

/* Begin XCConfigurationList section */
		F98BB2402B9EC88900A105BF /* Build configuration list for PBXProject "LetsMakeACocktail" */ = {
			isa = XCConfigurationList;
			buildConfigurations = (
				F98BB2512B9EC88B00A105BF /* Debug */,
				F98BB2522B9EC88B00A105BF /* Release */,
			);
			defaultConfigurationIsVisible = 0;
			defaultConfigurationName = Release;
		};
		F98BB2532B9EC88B00A105BF /* Build configuration list for PBXNativeTarget "LetsMakeACocktail" */ = {
			isa = XCConfigurationList;
			buildConfigurations = (
				F98BB2542B9EC88B00A105BF /* Debug */,
				F98BB2552B9EC88B00A105BF /* Release */,
			);
			defaultConfigurationIsVisible = 0;
			defaultConfigurationName = Release;
		};
/* End XCConfigurationList section */
	};
	rootObject = F98BB23D2B9EC88900A105BF /* Project object */;
}
